{
  "requires": true,
  "lockfileVersion": 1,
  "dependencies": {
    "react-geocode": {
      "version": "0.2.2",
      "resolved": "https://registry.npmjs.org/react-geocode/-/react-geocode-0.2.2.tgz",
      "integrity": "sha512-z0fD9TNyn8lXe1+cWr7Gx3Mi2751CjLLHIkMOkBN1HMmE6vxNoQEW/2y5sMkcpkwoleUeuERTaHFea7XGgJ3rw==",
      "requires": {
        "regenerator-runtime": "^0.13.3"
      }
    },
    "regenerator-runtime": {
      "version": "0.13.7",
      "resolved": "https://registry.npmjs.org/regenerator-runtime/-/regenerator-runtime-0.13.7.tgz",
      "integrity": "sha512-a54FxoJDIr27pgf7IgeQGxmqUNYrcV338lf/6gH456HZ/PhX+5BcwHXG9ajESmwe6WRO0tAzRUrRmNONWgkrew=="
    }
  }
}
